
Microsoft Visual Studio Solution File, Format Version 12.00
# Visual Studio Version 16
VisualStudioVersion = 16.0.29209.62
MinimumVisualStudioVersion = 10.0.40219.1
Project("{8BC9CEB8-8B4A-11D0-8D11-00A0C91BC942}") = "ride", "ride\ride.vcxproj", "{5298699D-3CF8-449F-9A95-01F136B68163}"
EndProject
Project("{8BC9CEB8-8B4A-11D0-8D11-00A0C91BC942}") = "gift1", "gift1\gift1.vcxproj", "{0B0CCB35-7152-47A5-AE84-5C8855A7011A}"
EndProject
Project("{8BC9CEB8-8B4A-11D0-8D11-00A0C91BC942}") = "friday", "friday\friday.vcxproj", "{92CB4FDC-4819-4DBF-8469-EDA19F0295D4}"
EndProject
Project("{8BC9CEB8-8B4A-11D0-8D11-00A0C91BC942}") = "beads", "beads\beads.vcxproj", "{770A069C-1848-4A3D-A8D4-46387A478F02}"
EndProject
Project("{8BC9CEB8-8B4A-11D0-8D11-00A0C91BC942}") = "milk2", "milk2\milk2.vcxproj", "{7F1E83AC-C789-4CE3-833C-81A451567081}"
EndProject
Project("{8BC9CEB8-8B4A-11D0-8D11-00A0C91BC942}") = "transform", "transform\transform.vcxproj", "{F6E4BCC5-EF39-4551-AF98-06F7DD4400BE}"
EndProject
Project("{8BC9CEB8-8B4A-11D0-8D11-00A0C91BC942}") = "namenum", "namenum\namenum.vcxproj", "{7F22C20F-AC0F-4116-A702-DA9BF5129408}"
EndProject
Project("{8BC9CEB8-8B4A-11D0-8D11-00A0C91BC942}") = "palsquare", "palsquare\palsquare.vcxproj", "{78CC4F3A-66D6-47AD-965B-1A18954F4371}"
EndProject
Project("{8BC9CEB8-8B4A-11D0-8D11-00A0C91BC942}") = "dualpal", "dualpal\dualpal.vcxproj", "{909F1C38-3ED6-482C-A083-36DDF53BC1D3}"
EndProject
Project("{8BC9CEB8-8B4A-11D0-8D11-00A0C91BC942}") = "milk", "milk\milk.vcxproj", "{ECAC9388-04A2-4BEF-A4CD-DBF82DE93209}"
EndProject
Global
	GlobalSection(SolutionConfigurationPlatforms) = preSolution
		Debug|x64 = Debug|x64
		Debug|x86 = Debug|x86
		Release|x64 = Release|x64
		Release|x86 = Release|x86
	EndGlobalSection
	GlobalSection(ProjectConfigurationPlatforms) = postSolution
		{5298699D-3CF8-449F-9A95-01F136B68163}.Debug|x64.ActiveCfg = Debug|x64
		{5298699D-3CF8-449F-9A95-01F136B68163}.Debug|x64.Build.0 = Debug|x64
		{5298699D-3CF8-449F-9A95-01F136B68163}.Debug|x86.ActiveCfg = Debug|Win32
		{5298699D-3CF8-449F-9A95-01F136B68163}.Debug|x86.Build.0 = Debug|Win32
		{5298699D-3CF8-449F-9A95-01F136B68163}.Release|x64.ActiveCfg = Release|x64
		{5298699D-3CF8-449F-9A95-01F136B68163}.Release|x64.Build.0 = Release|x64
		{5298699D-3CF8-449F-9A95-01F136B68163}.Release|x86.ActiveCfg = Release|Win32
		{5298699D-3CF8-449F-9A95-01F136B68163}.Release|x86.Build.0 = Release|Win32
		{0B0CCB35-7152-47A5-AE84-5C8855A7011A}.Debug|x64.ActiveCfg = Debug|x64
		{0B0CCB35-7152-47A5-AE84-5C8855A7011A}.Debug|x64.Build.0 = Debug|x64
		{0B0CCB35-7152-47A5-AE84-5C8855A7011A}.Debug|x86.ActiveCfg = Debug|Win32
		{0B0CCB35-7152-47A5-AE84-5C8855A7011A}.Debug|x86.Build.0 = Debug|Win32
		{0B0CCB35-7152-47A5-AE84-5C8855A7011A}.Release|x64.ActiveCfg = Release|x64
		{0B0CCB35-7152-47A5-AE84-5C8855A7011A}.Release|x64.Build.0 = Release|x64
		{0B0CCB35-7152-47A5-AE84-5C8855A7011A}.Release|x86.ActiveCfg = Release|Win32
		{0B0CCB35-7152-47A5-AE84-5C8855A7011A}.Release|x86.Build.0 = Release|Win32
		{92CB4FDC-4819-4DBF-8469-EDA19F0295D4}.Debug|x64.ActiveCfg = Debug|x64
		{92CB4FDC-4819-4DBF-8469-EDA19F0295D4}.Debug|x64.Build.0 = Debug|x64
		{92CB4FDC-4819-4DBF-8469-EDA19F0295D4}.Debug|x86.ActiveCfg = Debug|Win32
		{92CB4FDC-4819-4DBF-8469-EDA19F0295D4}.Debug|x86.Build.0 = Debug|Win32
		{92CB4FDC-4819-4DBF-8469-EDA19F0295D4}.Release|x64.ActiveCfg = Release|x64
		{92CB4FDC-4819-4DBF-8469-EDA19F0295D4}.Release|x64.Build.0 = Release|x64
		{92CB4FDC-4819-4DBF-8469-EDA19F0295D4}.Release|x86.ActiveCfg = Release|Win32
		{92CB4FDC-4819-4DBF-8469-EDA19F0295D4}.Release|x86.Build.0 = Release|Win32
		{770A069C-1848-4A3D-A8D4-46387A478F02}.Debug|x64.ActiveCfg = Debug|x64
		{770A069C-1848-4A3D-A8D4-46387A478F02}.Debug|x64.Build.0 = Debug|x64
		{770A069C-1848-4A3D-A8D4-46387A478F02}.Debug|x86.ActiveCfg = Debug|Win32
		{770A069C-1848-4A3D-A8D4-46387A478F02}.Debug|x86.Build.0 = Debug|Win32
		{770A069C-1848-4A3D-A8D4-46387A478F02}.Release|x64.ActiveCfg = Release|x64
		{770A069C-1848-4A3D-A8D4-46387A478F02}.Release|x64.Build.0 = Release|x64
		{770A069C-1848-4A3D-A8D4-46387A478F02}.Release|x86.ActiveCfg = Release|Win32
		{770A069C-1848-4A3D-A8D4-46387A478F02}.Release|x86.Build.0 = Release|Win32
		{7F1E83AC-C789-4CE3-833C-81A451567081}.Debug|x64.ActiveCfg = Debug|x64
		{7F1E83AC-C789-4CE3-833C-81A451567081}.Debug|x64.Build.0 = Debug|x64
		{7F1E83AC-C789-4CE3-833C-81A451567081}.Debug|x86.ActiveCfg = Debug|Win32
		{7F1E83AC-C789-4CE3-833C-81A451567081}.Debug|x86.Build.0 = Debug|Win32
		{7F1E83AC-C789-4CE3-833C-81A451567081}.Release|x64.ActiveCfg = Release|x64
		{7F1E83AC-C789-4CE3-833C-81A451567081}.Release|x64.Build.0 = Release|x64
		{7F1E83AC-C789-4CE3-833C-81A451567081}.Release|x86.ActiveCfg = Release|Win32
		{7F1E83AC-C789-4CE3-833C-81A451567081}.Release|x86.Build.0 = Release|Win32
		{F6E4BCC5-EF39-4551-AF98-06F7DD4400BE}.Debug|x64.ActiveCfg = Debug|x64
		{F6E4BCC5-EF39-4551-AF98-06F7DD4400BE}.Debug|x64.Build.0 = Debug|x64
		{F6E4BCC5-EF39-4551-AF98-06F7DD4400BE}.Debug|x86.ActiveCfg = Debug|Win32
		{F6E4BCC5-EF39-4551-AF98-06F7DD4400BE}.Debug|x86.Build.0 = Debug|Win32
		{F6E4BCC5-EF39-4551-AF98-06F7DD4400BE}.Release|x64.ActiveCfg = Release|x64
		{F6E4BCC5-EF39-4551-AF98-06F7DD4400BE}.Release|x64.Build.0 = Release|x64
		{F6E4BCC5-EF39-4551-AF98-06F7DD4400BE}.Release|x86.ActiveCfg = Release|Win32
		{F6E4BCC5-EF39-4551-AF98-06F7DD4400BE}.Release|x86.Build.0 = Release|Win32
		{7F22C20F-AC0F-4116-A702-DA9BF5129408}.Debug|x64.ActiveCfg = Debug|x64
		{7F22C20F-AC0F-4116-A702-DA9BF5129408}.Debug|x64.Build.0 = Debug|x64
		{7F22C20F-AC0F-4116-A702-DA9BF5129408}.Debug|x86.ActiveCfg = Debug|Win32
		{7F22C20F-AC0F-4116-A702-DA9BF5129408}.Debug|x86.Build.0 = Debug|Win32
		{7F22C20F-AC0F-4116-A702-DA9BF5129408}.Release|x64.ActiveCfg = Release|x64
		{7F22C20F-AC0F-4116-A702-DA9BF5129408}.Release|x64.Build.0 = Release|x64
		{7F22C20F-AC0F-4116-A702-DA9BF5129408}.Release|x86.ActiveCfg = Release|Win32
		{7F22C20F-AC0F-4116-A702-DA9BF5129408}.Release|x86.Build.0 = Release|Win32
		{78CC4F3A-66D6-47AD-965B-1A18954F4371}.Debug|x64.ActiveCfg = Debug|x64
		{78CC4F3A-66D6-47AD-965B-1A18954F4371}.Debug|x64.Build.0 = Debug|x64
		{78CC4F3A-66D6-47AD-965B-1A18954F4371}.Debug|x86.ActiveCfg = Debug|Win32
		{78CC4F3A-66D6-47AD-965B-1A18954F4371}.Debug|x86.Build.0 = Debug|Win32
		{78CC4F3A-66D6-47AD-965B-1A18954F4371}.Release|x64.ActiveCfg = Release|x64
		{78CC4F3A-66D6-47AD-965B-1A18954F4371}.Release|x64.Build.0 = Release|x64
		{78CC4F3A-66D6-47AD-965B-1A18954F4371}.Release|x86.ActiveCfg = Release|Win32
		{78CC4F3A-66D6-47AD-965B-1A18954F4371}.Release|x86.Build.0 = Release|Win32
		{909F1C38-3ED6-482C-A083-36DDF53BC1D3}.Debug|x64.ActiveCfg = Debug|x64
		{909F1C38-3ED6-482C-A083-36DDF53BC1D3}.Debug|x64.Build.0 = Debug|x64
		{909F1C38-3ED6-482C-A083-36DDF53BC1D3}.Debug|x86.ActiveCfg = Debug|Win32
		{909F1C38-3ED6-482C-A083-36DDF53BC1D3}.Debug|x86.Build.0 = Debug|Win32
		{909F1C38-3ED6-482C-A083-36DDF53BC1D3}.Release|x64.ActiveCfg = Release|x64
		{909F1C38-3ED6-482C-A083-36DDF53BC1D3}.Release|x64.Build.0 = Release|x64
		{909F1C38-3ED6-482C-A083-36DDF53BC1D3}.Release|x86.ActiveCfg = Release|Win32
		{909F1C38-3ED6-482C-A083-36DDF53BC1D3}.Release|x86.Build.0 = Release|Win32
		{ECAC9388-04A2-4BEF-A4CD-DBF82DE93209}.Debug|x64.ActiveCfg = Debug|x64
		{ECAC9388-04A2-4BEF-A4CD-DBF82DE93209}.Debug|x64.Build.0 = Debug|x64
		{ECAC9388-04A2-4BEF-A4CD-DBF82DE93209}.Debug|x86.ActiveCfg = Debug|Win32
		{ECAC9388-04A2-4BEF-A4CD-DBF82DE93209}.Debug|x86.Build.0 = Debug|Win32
		{ECAC9388-04A2-4BEF-A4CD-DBF82DE93209}.Release|x64.ActiveCfg = Release|x64
		{ECAC9388-04A2-4BEF-A4CD-DBF82DE93209}.Release|x64.Build.0 = Release|x64
		{ECAC9388-04A2-4BEF-A4CD-DBF82DE93209}.Release|x86.ActiveCfg = Release|Win32
		{ECAC9388-04A2-4BEF-A4CD-DBF82DE93209}.Release|x86.Build.0 = Release|Win32
	EndGlobalSection
	GlobalSection(SolutionProperties) = preSolution
		HideSolutionNode = FALSE
	EndGlobalSection
	GlobalSection(ExtensibilityGlobals) = postSolution
		SolutionGuid = {8C1EE156-F483-4311-9523-1B2A4CB649A3}
	EndGlobalSection
EndGlobal
